
Microsoft Visual Studio Solution File, Format Version 12.00
# Visual Studio Version 17
VisualStudioVersion = 17.5.33516.290
MinimumVisualStudioVersion = 10.0.40219.1
Project("{FAE04EC0-301F-11D3-BF4B-00C04F79EFBC}") = "Beadando", "ConnectThe41\Beadando.csproj", "{1966CBDF-C6AF-470B-A808-FEA481C3A623}"
EndProject
Global
	GlobalSection(SolutionConfigurationPlatforms) = preSolution
		Debug|Any CPU = Debug|Any CPU
		Release|Any CPU = Release|Any CPU
	EndGlobalSection
	GlobalSection(ProjectConfigurationPlatforms) = postSolution
		{1966CBDF-C6AF-470B-A808-FEA481C3A623}.Debug|Any CPU.ActiveCfg = Debug|Any CPU
		{1966CBDF-C6AF-470B-A808-FEA481C3A623}.Debug|Any CPU.Build.0 = Debug|Any CPU
		{1966CBDF-C6AF-470B-A808-FEA481C3A623}.Release|Any CPU.ActiveCfg = Release|Any CPU
		{1966CBDF-C6AF-470B-A808-FEA481C3A623}.Release|Any CPU.Build.0 = Release|Any CPU
	EndGlobalSection
	GlobalSection(SolutionProperties) = preSolution
		HideSolutionNode = FALSE
	EndGlobalSection
	GlobalSection(ExtensibilityGlobals) = postSolution
		SolutionGuid = {6FC13B14-1D4E-4A25-8DBE-0A8340FB4A2F}
	EndGlobalSection
EndGlobal
